
Microsoft Visual Studio Solution File, Format Version 12.00
# Visual Studio Version 16
VisualStudioVersion = 16.0.33927.289
MinimumVisualStudioVersion = 10.0.40219.1
Project("{FAE04EC0-301F-11D3-BF4B-00C04F79EFBC}") = "CASE_STUDY_1", "CASE_STUDY_1\CASE_STUDY_1.csproj", "{7398461A-870C-45F4-9E1E-E88A5DFB0BE3}"
EndProject
Project("{FAE04EC0-301F-11D3-BF4B-00C04F79EFBC}") = "CASE_STUDY_2", "..\CASE_STUDY_2\CASE_STUDY_2.csproj", "{1FED5149-2A21-4F82-803E-ADD75BC18A09}"
EndProject
Global
	GlobalSection(SolutionConfigurationPlatforms) = preSolution
		Debug|Any CPU = Debug|Any CPU
		Release|Any CPU = Release|Any CPU
	EndGlobalSection
	GlobalSection(ProjectConfigurationPlatforms) = postSolution
		{7398461A-870C-45F4-9E1E-E88A5DFB0BE3}.Debug|Any CPU.ActiveCfg = Debug|Any CPU
		{7398461A-870C-45F4-9E1E-E88A5DFB0BE3}.Debug|Any CPU.Build.0 = Debug|Any CPU
		{7398461A-870C-45F4-9E1E-E88A5DFB0BE3}.Release|Any CPU.ActiveCfg = Release|Any CPU
		{7398461A-870C-45F4-9E1E-E88A5DFB0BE3}.Release|Any CPU.Build.0 = Release|Any CPU
		{1FED5149-2A21-4F82-803E-ADD75BC18A09}.Debug|Any CPU.ActiveCfg = Debug|Any CPU
		{1FED5149-2A21-4F82-803E-ADD75BC18A09}.Debug|Any CPU.Build.0 = Debug|Any CPU
		{1FED5149-2A21-4F82-803E-ADD75BC18A09}.Release|Any CPU.ActiveCfg = Release|Any CPU
		{1FED5149-2A21-4F82-803E-ADD75BC18A09}.Release|Any CPU.Build.0 = Release|Any CPU
	EndGlobalSection
	GlobalSection(SolutionProperties) = preSolution
		HideSolutionNode = FALSE
	EndGlobalSection
	GlobalSection(ExtensibilityGlobals) = postSolution
		SolutionGuid = {CC524469-AC63-436A-8AB6-C819ACF03918}
	EndGlobalSection
EndGlobal
