
Microsoft Visual Studio Solution File, Format Version 12.00
# Visual Studio Version 16
VisualStudioVersion = 16.0.33927.289
MinimumVisualStudioVersion = 10.0.40219.1
Project("{FAE04EC0-301F-11D3-BF4B-00C04F79EFBC}") = "assignment1", "assignment1\assignment1.csproj", "{A55667B1-A35B-4DD2-9562-2BB28696001A}"
EndProject
Global
	GlobalSection(SolutionConfigurationPlatforms) = preSolution
		Debug|Any CPU = Debug|Any CPU
		Release|Any CPU = Release|Any CPU
	EndGlobalSection
	GlobalSection(ProjectConfigurationPlatforms) = postSolution
		{A55667B1-A35B-4DD2-9562-2BB28696001A}.Debug|Any CPU.ActiveCfg = Debug|Any CPU
		{A55667B1-A35B-4DD2-9562-2BB28696001A}.Debug|Any CPU.Build.0 = Debug|Any CPU
		{A55667B1-A35B-4DD2-9562-2BB28696001A}.Release|Any CPU.ActiveCfg = Release|Any CPU
		{A55667B1-A35B-4DD2-9562-2BB28696001A}.Release|Any CPU.Build.0 = Release|Any CPU
	EndGlobalSection
	GlobalSection(SolutionProperties) = preSolution
		HideSolutionNode = FALSE
	EndGlobalSection
	GlobalSection(ExtensibilityGlobals) = postSolution
		SolutionGuid = {713AA72F-EE5B-4AB8-B958-A75EAF4099E1}
	EndGlobalSection
EndGlobal
