
Microsoft Visual Studio Solution File, Format Version 12.00
# Visual Studio Version 16
VisualStudioVersion = 16.0.33927.289
MinimumVisualStudioVersion = 10.0.40219.1
Project("{FAE04EC0-301F-11D3-BF4B-00C04F79EFBC}") = "Remotindclient", "Remotindclient\Remotindclient.csproj", "{067570E6-4E3D-4C4B-BF0C-3F8F32599DE2}"
EndProject
Global
	GlobalSection(SolutionConfigurationPlatforms) = preSolution
		Debug|Any CPU = Debug|Any CPU
		Release|Any CPU = Release|Any CPU
	EndGlobalSection
	GlobalSection(ProjectConfigurationPlatforms) = postSolution
		{067570E6-4E3D-4C4B-BF0C-3F8F32599DE2}.Debug|Any CPU.ActiveCfg = Debug|Any CPU
		{067570E6-4E3D-4C4B-BF0C-3F8F32599DE2}.Debug|Any CPU.Build.0 = Debug|Any CPU
		{067570E6-4E3D-4C4B-BF0C-3F8F32599DE2}.Release|Any CPU.ActiveCfg = Release|Any CPU
		{067570E6-4E3D-4C4B-BF0C-3F8F32599DE2}.Release|Any CPU.Build.0 = Release|Any CPU
	EndGlobalSection
	GlobalSection(SolutionProperties) = preSolution
		HideSolutionNode = FALSE
	EndGlobalSection
	GlobalSection(ExtensibilityGlobals) = postSolution
		SolutionGuid = {7A13FE8E-C292-4BDE-9644-DB23FC5A0722}
	EndGlobalSection
EndGlobal
