
Microsoft Visual Studio Solution File, Format Version 12.00
# Visual Studio Version 16
VisualStudioVersion = 16.0.33927.289
MinimumVisualStudioVersion = 10.0.40219.1
Project("{FAE04EC0-301F-11D3-BF4B-00C04F79EFBC}") = "Assignment_6", "Assignment_6\Assignment_6.csproj", "{E4B34AE1-58E4-4172-B269-54A92208B89C}"
EndProject
Project("{FAE04EC0-301F-11D3-BF4B-00C04F79EFBC}") = "ConsoleApp1", "..\ConsoleApp1\ConsoleApp1.csproj", "{DBF11FE8-FB71-4AE6-B993-6020947C11A7}"
EndProject
Global
	GlobalSection(SolutionConfigurationPlatforms) = preSolution
		Debug|Any CPU = Debug|Any CPU
		Release|Any CPU = Release|Any CPU
	EndGlobalSection
	GlobalSection(ProjectConfigurationPlatforms) = postSolution
		{E4B34AE1-58E4-4172-B269-54A92208B89C}.Debug|Any CPU.ActiveCfg = Debug|Any CPU
		{E4B34AE1-58E4-4172-B269-54A92208B89C}.Debug|Any CPU.Build.0 = Debug|Any CPU
		{E4B34AE1-58E4-4172-B269-54A92208B89C}.Release|Any CPU.ActiveCfg = Release|Any CPU
		{E4B34AE1-58E4-4172-B269-54A92208B89C}.Release|Any CPU.Build.0 = Release|Any CPU
		{DBF11FE8-FB71-4AE6-B993-6020947C11A7}.Debug|Any CPU.ActiveCfg = Debug|Any CPU
		{DBF11FE8-FB71-4AE6-B993-6020947C11A7}.Debug|Any CPU.Build.0 = Debug|Any CPU
		{DBF11FE8-FB71-4AE6-B993-6020947C11A7}.Release|Any CPU.ActiveCfg = Release|Any CPU
		{DBF11FE8-FB71-4AE6-B993-6020947C11A7}.Release|Any CPU.Build.0 = Release|Any CPU
	EndGlobalSection
	GlobalSection(SolutionProperties) = preSolution
		HideSolutionNode = FALSE
	EndGlobalSection
	GlobalSection(ExtensibilityGlobals) = postSolution
		SolutionGuid = {97261F71-1A47-4494-841F-1D61CA3B6CAF}
	EndGlobalSection
EndGlobal
