
Microsoft Visual Studio Solution File, Format Version 12.00
# Visual Studio Version 16
VisualStudioVersion = 16.0.33927.289
MinimumVisualStudioVersion = 10.0.40219.1
Project("{FAE04EC0-301F-11D3-BF4B-00C04F79EFBC}") = "Assignment_7_Windows", "Assignment_7_Windows\Assignment_7_Windows.csproj", "{888C6DE2-DE63-459B-AF61-99C0F98EEFD1}"
EndProject
Global
	GlobalSection(SolutionConfigurationPlatforms) = preSolution
		Debug|Any CPU = Debug|Any CPU
		Release|Any CPU = Release|Any CPU
	EndGlobalSection
	GlobalSection(ProjectConfigurationPlatforms) = postSolution
		{888C6DE2-DE63-459B-AF61-99C0F98EEFD1}.Debug|Any CPU.ActiveCfg = Debug|Any CPU
		{888C6DE2-DE63-459B-AF61-99C0F98EEFD1}.Debug|Any CPU.Build.0 = Debug|Any CPU
		{888C6DE2-DE63-459B-AF61-99C0F98EEFD1}.Release|Any CPU.ActiveCfg = Release|Any CPU
		{888C6DE2-DE63-459B-AF61-99C0F98EEFD1}.Release|Any CPU.Build.0 = Release|Any CPU
	EndGlobalSection
	GlobalSection(SolutionProperties) = preSolution
		HideSolutionNode = FALSE
	EndGlobalSection
	GlobalSection(ExtensibilityGlobals) = postSolution
		SolutionGuid = {D66EEDF6-ADD6-455B-A0D6-702273DB53FA}
	EndGlobalSection
EndGlobal
