<<<<<<< HEAD
﻿
Microsoft Visual Studio Solution File, Format Version 12.00
# Visual Studio Version 16
VisualStudioVersion = 16.0.33927.289
MinimumVisualStudioVersion = 10.0.40219.1
Project("{FAE04EC0-301F-11D3-BF4B-00C04F79EFBC}") = "Assignment_5", "Assignment_5\Assignment_5.csproj", "{A6FCF399-18EA-45D6-8946-4D1211B0A8B8}"
EndProject
Global
	GlobalSection(SolutionConfigurationPlatforms) = preSolution
		Debug|Any CPU = Debug|Any CPU
		Release|Any CPU = Release|Any CPU
	EndGlobalSection
	GlobalSection(ProjectConfigurationPlatforms) = postSolution
		{A6FCF399-18EA-45D6-8946-4D1211B0A8B8}.Debug|Any CPU.ActiveCfg = Debug|Any CPU
		{A6FCF399-18EA-45D6-8946-4D1211B0A8B8}.Debug|Any CPU.Build.0 = Debug|Any CPU
		{A6FCF399-18EA-45D6-8946-4D1211B0A8B8}.Release|Any CPU.ActiveCfg = Release|Any CPU
		{A6FCF399-18EA-45D6-8946-4D1211B0A8B8}.Release|Any CPU.Build.0 = Release|Any CPU
	EndGlobalSection
	GlobalSection(SolutionProperties) = preSolution
		HideSolutionNode = FALSE
	EndGlobalSection
	GlobalSection(ExtensibilityGlobals) = postSolution
		SolutionGuid = {CCCAC52E-0EA2-46C6-834E-8CC83DB490E8}
	EndGlobalSection
EndGlobal
=======
﻿
Microsoft Visual Studio Solution File, Format Version 12.00
# Visual Studio Version 16
VisualStudioVersion = 16.0.33927.289
MinimumVisualStudioVersion = 10.0.40219.1
Project("{FAE04EC0-301F-11D3-BF4B-00C04F79EFBC}") = "Assignment_5", "Assignment_5\Assignment_5.csproj", "{A6FCF399-18EA-45D6-8946-4D1211B0A8B8}"
EndProject
Global
	GlobalSection(SolutionConfigurationPlatforms) = preSolution
		Debug|Any CPU = Debug|Any CPU
		Release|Any CPU = Release|Any CPU
	EndGlobalSection
	GlobalSection(ProjectConfigurationPlatforms) = postSolution
		{A6FCF399-18EA-45D6-8946-4D1211B0A8B8}.Debug|Any CPU.ActiveCfg = Debug|Any CPU
		{A6FCF399-18EA-45D6-8946-4D1211B0A8B8}.Debug|Any CPU.Build.0 = Debug|Any CPU
		{A6FCF399-18EA-45D6-8946-4D1211B0A8B8}.Release|Any CPU.ActiveCfg = Release|Any CPU
		{A6FCF399-18EA-45D6-8946-4D1211B0A8B8}.Release|Any CPU.Build.0 = Release|Any CPU
	EndGlobalSection
	GlobalSection(SolutionProperties) = preSolution
		HideSolutionNode = FALSE
	EndGlobalSection
	GlobalSection(ExtensibilityGlobals) = postSolution
		SolutionGuid = {CCCAC52E-0EA2-46C6-834E-8CC83DB490E8}
	EndGlobalSection
EndGlobal
>>>>>>> 46a3b041368c6487bb241fdc9b2f6a71ee11e10e
